
Microsoft Visual Studio Solution File, Format Version 12.00
# Visual Studio Version 16
VisualStudioVersion = 16.0.29728.190
MinimumVisualStudioVersion = 10.0.40219.1
Project("{FAE04EC0-301F-11D3-BF4B-00C04F79EFBC}") = "oPPTimiz", "oPPTimiz\oPPTimiz.csproj", "{67C7F940-9987-4A9D-8A19-A59C32F1AD99}"
EndProject
Global
	GlobalSection(SolutionConfigurationPlatforms) = preSolution
		Debug|Any CPU = Debug|Any CPU
		Release|Any CPU = Release|Any CPU
	EndGlobalSection
	GlobalSection(ProjectConfigurationPlatforms) = postSolution
		{67C7F940-9987-4A9D-8A19-A59C32F1AD99}.Debug|Any CPU.ActiveCfg = Debug|Any CPU
		{67C7F940-9987-4A9D-8A19-A59C32F1AD99}.Debug|Any CPU.Build.0 = Debug|Any CPU
		{67C7F940-9987-4A9D-8A19-A59C32F1AD99}.Release|Any CPU.ActiveCfg = Release|Any CPU
		{67C7F940-9987-4A9D-8A19-A59C32F1AD99}.Release|Any CPU.Build.0 = Release|Any CPU
	EndGlobalSection
	GlobalSection(SolutionProperties) = preSolution
		HideSolutionNode = FALSE
	EndGlobalSection
	GlobalSection(ExtensibilityGlobals) = postSolution
		SolutionGuid = {4C05D155-6035-4B61-A5C0-FD9E032DAFFF}
	EndGlobalSection
EndGlobal
